github.com/go-sql-driver/mysql v1.4.1/go.mod h1:zAC/RDZ24gD3HViQzih4MyKcchzm+sOG5ZlKdlhCg5w=
github.com/gorhill/cronexpr v0.0.0-20180427100037-88b0669f7d75/go.mod h1:g2644b03hfBX9Ov0ZBDgXXens4rxSxmqFBbhvKv2yVA=
github.com/julienschmidt/httprouter v1.2.0/go.mod h1:SYymIcj16QtmaHHD7aYtjjsJG7VTCxuUUipMqKk8s4w=
github.com/lib/pq v1.0.0/go.mod h1:5WUZQaWbwv1U+lTReE5YruASi9Al49XbQIvNi/34Woo=
github.com/mattn/go-sqlite3 v1.10.0/go.mod h1:FPy6KqzDD04eiIsT53CuJW3U88zkxoIYsOqkbpncsNc=
github.com/rainycape/memcache v0.0.0-20150622160815-1031fa0ce2f2/go.mod h1:7tZKcyumwBO6qip7RNQ5r77yrssm9bfCowcLEBcU5IA=
github.com/wayn3h0/go-errors v1.0.0 h1:1oWFEO0y4nQu7oCRYbiHVp06aDqcPq+WJJ68tkO3j2Q=
github.com/wayn3h0/go-errors v1.0.0/go.mod h1:YohpCjiC04DpK83f9UmDcmKvOMnURjIg4wTLiuxtxxE=
github.com/wayn3h0/go-testing v1.0.0 h1:TQGAQf5bfnInbyrElFKr3O4XrDY1Ub2JZ5/rPGTdKOE=
github.com/wayn3h0/go-testing v1.0.0/go.mod h1:bLMyIu5Vx3QY84vY+ihv8gPN0NkOl7Z2JL9nqm4T2II=
github.com/wayn3h0/gop v1.1.0 h1:fjj59JFycYl2INmU2lncJMTpP4m6aV7VbswfGLBvpPQ=
github.com/wayn3h0/gop v1.1.0/go.mod h1:B90I/tEv2kVbM3PIkG6uqpsXaMF6i7MwtaH8BFWY/nw=
golang.org/x/text v0.3.0/go.mod h1:NqM8EUOU14njkJ3fqMW+pc6Ldnwhi/IjpwHt7yyuwOQ=
